
Microsoft Visual Studio Solution File, Format Version 12.00
# Visual Studio 15
VisualStudioVersion = 15.0.28307.1231
MinimumVisualStudioVersion = 10.0.40219.1
Project("{8BC9CEB8-8B4A-11D0-8D11-00A0C91BC942}") = "WeChatHook", "WeChatHook\WeChatHook.vcxproj", "{DD4E2964-C2E4-452D-BD14-AFF3D0951EE7}"
EndProject
Project("{8BC9CEB8-8B4A-11D0-8D11-00A0C91BC942}") = "WXHook", "WXHook\WXHook.vcxproj", "{931A902D-B08E-4A0B-BA93-8FB3935CA552}"
EndProject
Global
	GlobalSection(SolutionConfigurationPlatforms) = preSolution
		Debug|x64 = Debug|x64
		Debug|x86 = Debug|x86
		Release|x64 = Release|x64
		Release|x86 = Release|x86
	EndGlobalSection
	GlobalSection(ProjectConfigurationPlatforms) = postSolution
		{DD4E2964-C2E4-452D-BD14-AFF3D0951EE7}.Debug|x64.ActiveCfg = Debug|x64
		{DD4E2964-C2E4-452D-BD14-AFF3D0951EE7}.Debug|x64.Build.0 = Debug|x64
		{DD4E2964-C2E4-452D-BD14-AFF3D0951EE7}.Debug|x86.ActiveCfg = Debug|Win32
		{DD4E2964-C2E4-452D-BD14-AFF3D0951EE7}.Debug|x86.Build.0 = Debug|Win32
		{DD4E2964-C2E4-452D-BD14-AFF3D0951EE7}.Release|x64.ActiveCfg = Release|x64
		{DD4E2964-C2E4-452D-BD14-AFF3D0951EE7}.Release|x64.Build.0 = Release|x64
		{DD4E2964-C2E4-452D-BD14-AFF3D0951EE7}.Release|x86.ActiveCfg = Release|Win32
		{DD4E2964-C2E4-452D-BD14-AFF3D0951EE7}.Release|x86.Build.0 = Release|Win32
		{931A902D-B08E-4A0B-BA93-8FB3935CA552}.Debug|x64.ActiveCfg = Debug|x64
		{931A902D-B08E-4A0B-BA93-8FB3935CA552}.Debug|x64.Build.0 = Debug|x64
		{931A902D-B08E-4A0B-BA93-8FB3935CA552}.Debug|x86.ActiveCfg = Debug|Win32
		{931A902D-B08E-4A0B-BA93-8FB3935CA552}.Debug|x86.Build.0 = Debug|Win32
		{931A902D-B08E-4A0B-BA93-8FB3935CA552}.Release|x64.ActiveCfg = Release|x64
		{931A902D-B08E-4A0B-BA93-8FB3935CA552}.Release|x64.Build.0 = Release|x64
		{931A902D-B08E-4A0B-BA93-8FB3935CA552}.Release|x86.ActiveCfg = Release|Win32
		{931A902D-B08E-4A0B-BA93-8FB3935CA552}.Release|x86.Build.0 = Release|Win32
	EndGlobalSection
	GlobalSection(SolutionProperties) = preSolution
		HideSolutionNode = FALSE
	EndGlobalSection
	GlobalSection(ExtensibilityGlobals) = postSolution
		SolutionGuid = {0A16DF7D-BC41-4B7B-A6C1-C4FAB087054B}
	EndGlobalSection
EndGlobal
